
Microsoft Visual Studio Solution File, Format Version 12.00
# Visual Studio Version 16
VisualStudioVersion = 16.0.30717.126
MinimumVisualStudioVersion = 10.0.40219.1
Project("{9A19103F-16F7-4668-BE54-9A1E7A4F7556}") = "TestServerEGI", "TestServerEGI\TestServerEGI.csproj", "{B5A7536F-7AF9-4857-8533-20038BC9A8B4}"
EndProject
Global
	GlobalSection(SolutionConfigurationPlatforms) = preSolution
		Debug|Any CPU = Debug|Any CPU
		Release|Any CPU = Release|Any CPU
	EndGlobalSection
	GlobalSection(ProjectConfigurationPlatforms) = postSolution
		{B5A7536F-7AF9-4857-8533-20038BC9A8B4}.Debug|Any CPU.ActiveCfg = Debug|Any CPU
		{B5A7536F-7AF9-4857-8533-20038BC9A8B4}.Debug|Any CPU.Build.0 = Debug|Any CPU
		{B5A7536F-7AF9-4857-8533-20038BC9A8B4}.Release|Any CPU.ActiveCfg = Release|Any CPU
		{B5A7536F-7AF9-4857-8533-20038BC9A8B4}.Release|Any CPU.Build.0 = Release|Any CPU
	EndGlobalSection
	GlobalSection(SolutionProperties) = preSolution
		HideSolutionNode = FALSE
	EndGlobalSection
	GlobalSection(ExtensibilityGlobals) = postSolution
		SolutionGuid = {197470A5-5FD4-4F31-ADDD-02A4C7D9EA5B}
	EndGlobalSection
EndGlobal
